
Microsoft Visual Studio Solution File, Format Version 12.00
# Visual Studio 15
VisualStudioVersion = 15.0.27004.2002
MinimumVisualStudioVersion = 10.0.40219.1
Project("{FAE04EC0-301F-11D3-BF4B-00C04F79EFBC}") = "C43Solution.Web", "Web\C43Solution.Web.csproj", "{CBC54660-0BF3-43C5-AAC6-7A97F5253B56}"
EndProject
Global
	GlobalSection(SolutionConfigurationPlatforms) = preSolution
		Debug|Any CPU = Debug|Any CPU
		Release|Any CPU = Release|Any CPU
	EndGlobalSection
	GlobalSection(ProjectConfigurationPlatforms) = postSolution
		{CBC54660-0BF3-43C5-AAC6-7A97F5253B56}.Debug|Any CPU.ActiveCfg = Debug|Any CPU
		{CBC54660-0BF3-43C5-AAC6-7A97F5253B56}.Debug|Any CPU.Build.0 = Debug|Any CPU
		{CBC54660-0BF3-43C5-AAC6-7A97F5253B56}.Release|Any CPU.ActiveCfg = Release|Any CPU
		{CBC54660-0BF3-43C5-AAC6-7A97F5253B56}.Release|Any CPU.Build.0 = Release|Any CPU
	EndGlobalSection
	GlobalSection(SolutionProperties) = preSolution
		HideSolutionNode = FALSE
	EndGlobalSection
	GlobalSection(ExtensibilityGlobals) = postSolution
		SolutionGuid = {18A250A5-BDF2-4A40-916E-8F6747A564C9}
	EndGlobalSection
EndGlobal
